
Microsoft Visual Studio Solution File, Format Version 12.00
# Visual Studio Version 16
VisualStudioVersion = 16.0.30907.101
MinimumVisualStudioVersion = 10.0.40219.1
Project("{9A19103F-16F7-4668-BE54-9A1E7A4F7556}") = "MaxTrans.API", "MaxTrans.API\MaxTrans.API.csproj", "{3090448D-1B39-4DDD-8F62-CAC84CA2E4EC}"
EndProject
Project("{9A19103F-16F7-4668-BE54-9A1E7A4F7556}") = "MaxTrans.Common", "MaxTrans.Common\MaxTrans.Common.csproj", "{3CF71DD7-7C0E-42A2-B2D8-8DD63B2474CD}"
EndProject
Global
	GlobalSection(SolutionConfigurationPlatforms) = preSolution
		Debug|Any CPU = Debug|Any CPU
		Release|Any CPU = Release|Any CPU
	EndGlobalSection
	GlobalSection(ProjectConfigurationPlatforms) = postSolution
		{3090448D-1B39-4DDD-8F62-CAC84CA2E4EC}.Debug|Any CPU.ActiveCfg = Debug|Any CPU
		{3090448D-1B39-4DDD-8F62-CAC84CA2E4EC}.Debug|Any CPU.Build.0 = Debug|Any CPU
		{3090448D-1B39-4DDD-8F62-CAC84CA2E4EC}.Release|Any CPU.ActiveCfg = Release|Any CPU
		{3090448D-1B39-4DDD-8F62-CAC84CA2E4EC}.Release|Any CPU.Build.0 = Release|Any CPU
		{3CF71DD7-7C0E-42A2-B2D8-8DD63B2474CD}.Debug|Any CPU.ActiveCfg = Debug|Any CPU
		{3CF71DD7-7C0E-42A2-B2D8-8DD63B2474CD}.Debug|Any CPU.Build.0 = Debug|Any CPU
		{3CF71DD7-7C0E-42A2-B2D8-8DD63B2474CD}.Release|Any CPU.ActiveCfg = Release|Any CPU
		{3CF71DD7-7C0E-42A2-B2D8-8DD63B2474CD}.Release|Any CPU.Build.0 = Release|Any CPU
	EndGlobalSection
	GlobalSection(SolutionProperties) = preSolution
		HideSolutionNode = FALSE
	EndGlobalSection
	GlobalSection(ExtensibilityGlobals) = postSolution
		SolutionGuid = {7A1C0D32-B46F-4D15-9F01-24635CEB0AD5}
	EndGlobalSection
EndGlobal
